
Microsoft Visual Studio Solution File, Format Version 12.00
# Visual Studio Version 17
VisualStudioVersion = 17.11.35431.28
MinimumVisualStudioVersion = 10.0.40219.1
Project("{FAE04EC0-301F-11D3-BF4B-00C04F79EFBC}") = "Bank", "Bank\Bank.csproj", "{0ADD3649-4301-4BED-A476-1F8009F5E07E}"
EndProject
Project("{FAE04EC0-301F-11D3-BF4B-00C04F79EFBC}") = "BankTests", "BankTests\BankTests.csproj", "{9CB72A5F-FCCD-4932-B8F1-99BD4B25061A}"
EndProject
Global
	GlobalSection(SolutionConfigurationPlatforms) = preSolution
		Debug|Any CPU = Debug|Any CPU
		Release|Any CPU = Release|Any CPU
	EndGlobalSection
	GlobalSection(ProjectConfigurationPlatforms) = postSolution
		{0ADD3649-4301-4BED-A476-1F8009F5E07E}.Debug|Any CPU.ActiveCfg = Debug|Any CPU
		{0ADD3649-4301-4BED-A476-1F8009F5E07E}.Debug|Any CPU.Build.0 = Debug|Any CPU
		{0ADD3649-4301-4BED-A476-1F8009F5E07E}.Release|Any CPU.ActiveCfg = Release|Any CPU
		{0ADD3649-4301-4BED-A476-1F8009F5E07E}.Release|Any CPU.Build.0 = Release|Any CPU
		{9CB72A5F-FCCD-4932-B8F1-99BD4B25061A}.Debug|Any CPU.ActiveCfg = Debug|Any CPU
		{9CB72A5F-FCCD-4932-B8F1-99BD4B25061A}.Debug|Any CPU.Build.0 = Debug|Any CPU
		{9CB72A5F-FCCD-4932-B8F1-99BD4B25061A}.Release|Any CPU.ActiveCfg = Release|Any CPU
		{9CB72A5F-FCCD-4932-B8F1-99BD4B25061A}.Release|Any CPU.Build.0 = Release|Any CPU
	EndGlobalSection
	GlobalSection(SolutionProperties) = preSolution
		HideSolutionNode = FALSE
	EndGlobalSection
	GlobalSection(ExtensibilityGlobals) = postSolution
		SolutionGuid = {B6F2E82D-08B4-40A2-ABBF-59486ADB8B59}
	EndGlobalSection
EndGlobal
